
Microsoft Visual Studio Solution File, Format Version 12.00
# Visual Studio Version 16
VisualStudioVersion = 16.0.29123.88
MinimumVisualStudioVersion = 10.0.40219.1
Project("{FAE04EC0-301F-11D3-BF4B-00C04F79EFBC}") = "CalculationService", "CalculationService\CalculationService.csproj", "{B601AC29-D1C3-4107-812E-E6206623A5D9}"
EndProject
Project("{FAE04EC0-301F-11D3-BF4B-00C04F79EFBC}") = "DomainModel", "DomainModel\DomainModel.csproj", "{C8FFEFCD-C3CA-4B41-8708-77C8F68FC478}"
EndProject
Global
	GlobalSection(SolutionConfigurationPlatforms) = preSolution
		Debug|Any CPU = Debug|Any CPU
		Release|Any CPU = Release|Any CPU
	EndGlobalSection
	GlobalSection(ProjectConfigurationPlatforms) = postSolution
		{B601AC29-D1C3-4107-812E-E6206623A5D9}.Debug|Any CPU.ActiveCfg = Debug|Any CPU
		{B601AC29-D1C3-4107-812E-E6206623A5D9}.Debug|Any CPU.Build.0 = Debug|Any CPU
		{B601AC29-D1C3-4107-812E-E6206623A5D9}.Release|Any CPU.ActiveCfg = Release|Any CPU
		{B601AC29-D1C3-4107-812E-E6206623A5D9}.Release|Any CPU.Build.0 = Release|Any CPU
		{C8FFEFCD-C3CA-4B41-8708-77C8F68FC478}.Debug|Any CPU.ActiveCfg = Debug|Any CPU
		{C8FFEFCD-C3CA-4B41-8708-77C8F68FC478}.Debug|Any CPU.Build.0 = Debug|Any CPU
		{C8FFEFCD-C3CA-4B41-8708-77C8F68FC478}.Release|Any CPU.ActiveCfg = Release|Any CPU
		{C8FFEFCD-C3CA-4B41-8708-77C8F68FC478}.Release|Any CPU.Build.0 = Release|Any CPU
	EndGlobalSection
	GlobalSection(SolutionProperties) = preSolution
		HideSolutionNode = FALSE
	EndGlobalSection
	GlobalSection(ExtensibilityGlobals) = postSolution
		SolutionGuid = {B4BE8BAD-DC8F-4813-AC72-0765F8C75174}
	EndGlobalSection
EndGlobal
