
Microsoft Visual Studio Solution File, Format Version 12.00
# Visual Studio Version 16
VisualStudioVersion = 16.0.29123.88
MinimumVisualStudioVersion = 10.0.40219.1
Project("{FAE04EC0-301F-11D3-BF4B-00C04F79EFBC}") = "UserService", "UserService\UserService.csproj", "{09E4F928-C842-4171-8481-50AA92FA2C28}"
EndProject
Project("{FAE04EC0-301F-11D3-BF4B-00C04F79EFBC}") = "DomainModel", "DomainModel\DomainModel.csproj", "{6E5DB932-3F3F-433E-93EE-4EF9C100F08F}"
EndProject
Global
	GlobalSection(SolutionConfigurationPlatforms) = preSolution
		Debug|Any CPU = Debug|Any CPU
		Release|Any CPU = Release|Any CPU
	EndGlobalSection
	GlobalSection(ProjectConfigurationPlatforms) = postSolution
		{09E4F928-C842-4171-8481-50AA92FA2C28}.Debug|Any CPU.ActiveCfg = Debug|Any CPU
		{09E4F928-C842-4171-8481-50AA92FA2C28}.Debug|Any CPU.Build.0 = Debug|Any CPU
		{09E4F928-C842-4171-8481-50AA92FA2C28}.Release|Any CPU.ActiveCfg = Release|Any CPU
		{09E4F928-C842-4171-8481-50AA92FA2C28}.Release|Any CPU.Build.0 = Release|Any CPU
		{6E5DB932-3F3F-433E-93EE-4EF9C100F08F}.Debug|Any CPU.ActiveCfg = Debug|Any CPU
		{6E5DB932-3F3F-433E-93EE-4EF9C100F08F}.Debug|Any CPU.Build.0 = Debug|Any CPU
		{6E5DB932-3F3F-433E-93EE-4EF9C100F08F}.Release|Any CPU.ActiveCfg = Release|Any CPU
		{6E5DB932-3F3F-433E-93EE-4EF9C100F08F}.Release|Any CPU.Build.0 = Release|Any CPU
	EndGlobalSection
	GlobalSection(SolutionProperties) = preSolution
		HideSolutionNode = FALSE
	EndGlobalSection
	GlobalSection(ExtensibilityGlobals) = postSolution
		SolutionGuid = {73946A86-6244-483B-869C-F0CDF2A58AB2}
	EndGlobalSection
EndGlobal
